
Microsoft Visual Studio Solution File, Format Version 12.00
# Visual Studio Version 16
VisualStudioVersion = 16.0.31112.23
MinimumVisualStudioVersion = 10.0.40219.1
Project("{FAE04EC0-301F-11D3-BF4B-00C04F79EFBC}") = "MigrateDotNet", "MigrateDotNet\MigrateDotNet.csproj", "{2B938FE2-F653-47EE-A2B2-BBF3E67EF2B0}"
EndProject
Project("{FAE04EC0-301F-11D3-BF4B-00C04F79EFBC}") = "Domain", "Domain\Domain.csproj", "{FEC71572-560A-4D4C-9C19-6E638BE32C67}"
EndProject
Global
	GlobalSection(SolutionConfigurationPlatforms) = preSolution
		Debug|Any CPU = Debug|Any CPU
		Release|Any CPU = Release|Any CPU
	EndGlobalSection
	GlobalSection(ProjectConfigurationPlatforms) = postSolution
		{2B938FE2-F653-47EE-A2B2-BBF3E67EF2B0}.Debug|Any CPU.ActiveCfg = Debug|Any CPU
		{2B938FE2-F653-47EE-A2B2-BBF3E67EF2B0}.Debug|Any CPU.Build.0 = Debug|Any CPU
		{2B938FE2-F653-47EE-A2B2-BBF3E67EF2B0}.Release|Any CPU.ActiveCfg = Release|Any CPU
		{2B938FE2-F653-47EE-A2B2-BBF3E67EF2B0}.Release|Any CPU.Build.0 = Release|Any CPU
		{FEC71572-560A-4D4C-9C19-6E638BE32C67}.Debug|Any CPU.ActiveCfg = Debug|Any CPU
		{FEC71572-560A-4D4C-9C19-6E638BE32C67}.Debug|Any CPU.Build.0 = Debug|Any CPU
		{FEC71572-560A-4D4C-9C19-6E638BE32C67}.Release|Any CPU.ActiveCfg = Release|Any CPU
		{FEC71572-560A-4D4C-9C19-6E638BE32C67}.Release|Any CPU.Build.0 = Release|Any CPU
	EndGlobalSection
	GlobalSection(SolutionProperties) = preSolution
		HideSolutionNode = FALSE
	EndGlobalSection
	GlobalSection(ExtensibilityGlobals) = postSolution
		SolutionGuid = {9BB30CD8-DAE3-4E91-8EEE-35C58903EC49}
	EndGlobalSection
EndGlobal
